
Microsoft Visual Studio Solution File, Format Version 12.00
# Visual Studio 14
VisualStudioVersion = 14.0.23107.0
MinimumVisualStudioVersion = 10.0.40219.1
Project("{8BC9CEB8-8B4A-11D0-8D11-00A0C91BC942}") = "Data Structures Project 10", "Data Structures Project 10\Data Structures Project 10.vcxproj", "{266E2CF7-2E4B-44B8-8133-9E624448340D}"
EndProject
Global
	GlobalSection(SolutionConfigurationPlatforms) = preSolution
		Debug|x64 = Debug|x64
		Debug|x86 = Debug|x86
		Release|x64 = Release|x64
		Release|x86 = Release|x86
	EndGlobalSection
	GlobalSection(ProjectConfigurationPlatforms) = postSolution
		{266E2CF7-2E4B-44B8-8133-9E624448340D}.Debug|x64.ActiveCfg = Debug|x64
		{266E2CF7-2E4B-44B8-8133-9E624448340D}.Debug|x64.Build.0 = Debug|x64
		{266E2CF7-2E4B-44B8-8133-9E624448340D}.Debug|x86.ActiveCfg = Debug|Win32
		{266E2CF7-2E4B-44B8-8133-9E624448340D}.Debug|x86.Build.0 = Debug|Win32
		{266E2CF7-2E4B-44B8-8133-9E624448340D}.Release|x64.ActiveCfg = Release|x64
		{266E2CF7-2E4B-44B8-8133-9E624448340D}.Release|x64.Build.0 = Release|x64
		{266E2CF7-2E4B-44B8-8133-9E624448340D}.Release|x86.ActiveCfg = Release|Win32
		{266E2CF7-2E4B-44B8-8133-9E624448340D}.Release|x86.Build.0 = Release|Win32
	EndGlobalSection
	GlobalSection(SolutionProperties) = preSolution
		HideSolutionNode = FALSE
	EndGlobalSection
EndGlobal
